{
  "version": 4,
  "terraform_version": "1.15.8",
  "serial": 57,
  "lineage": "2fba6f7f-9d04-c1c4-1dde-7d9bfb536c2d",
  "outputs": {
    "aws_region": {
      "value": "us-east-1",
      "type": "string"
    },
    "backend_despachos_repository_url": {
      "value": "847750225273.dkr.ecr.us-east-1.amazonaws.com/devopsvg-back-despachos",
      "type": "string"
    },
    "backend_ventas_repository_url": {
      "value": "847750225273.dkr.ecr.us-east-1.amazonaws.com/devopsvg-back-ventas",
      "type": "string"
    },
    "cluster_name": {
      "value": "devopsvg-eks",
      "type": "string"
    },
    "frontend_repository_url": {
      "value": "847750225273.dkr.ecr.us-east-1.amazonaws.com/devopsvg-frontend",
      "type": "string"
    },
    "vpc_id": {
      "value": "vpc-009636059a77fe98a",
      "type": "string"
    }
  },
  "resources": [
    {
      "mode": "data",
      "type": "aws_availability_zones",
      "name": "available",
      "provider": "provider[\"registry.terraform.io/hashicorp/aws\"]",
      "instances": [
        {
          "schema_version": 0,
          "attributes": {
            "all_availability_zones": null,
            "exclude_names": null,
            "exclude_zone_ids": null,
            "filter": null,
            "group_names": [
              "us-east-1-zg-1"
            ],
            "id": "us-east-1",
            "names": [
              "us-east-1a",
              "us-east-1b",
              "us-east-1c",
              "us-east-1d",
              "us-east-1e",
              "us-east-1f"
            ],
            "state": "available",
            "timeouts": null,
            "zone_ids": [
              "use1-az1",
              "use1-az2",
              "use1-az4",
              "use1-az6",
              "use1-az3",
              "use1-az5"
            ]
          },
          "sensitive_attributes": [],
          "identity_schema_version": 0
        }
      ]
    },
    {
      "mode": "data",
      "type": "aws_caller_identity",
      "name": "current",
      "provider": "provider[\"registry.terraform.io/hashicorp/aws\"]",
      "instances": [
        {
          "schema_version": 0,
          "attributes": {
            "account_id": "847750225273",
            "arn": "arn:aws:sts::847750225273:assumed-role/voclabs/user3278740=MUNOZ__CARLOS_IGNACIO",
            "id": "847750225273",
            "user_id": "AROA4KYOZ3V46D4QCVTBA:user3278740=MUNOZ__CARLOS_IGNACIO"
          },
          "sensitive_attributes": [],
          "identity_schema_version": 0
        }
      ]
    },
    {
      "mode": "data",
      "type": "aws_iam_role",
      "name": "lab_role",
      "provider": "provider[\"registry.terraform.io/hashicorp/aws\"]",
      "instances": [
        {
          "schema_version": 0,
          "attributes": {
            "arn": "arn:aws:iam::847750225273:role/LabRole",
            "assume_role_policy": "{\"Version\":\"2012-10-17\",\"Statement\":[{\"Effect\":\"Allow\",\"Principal\":{\"AWS\":\"arn:aws:iam::847750225273:role/LabRole\",\"Service\":[\"kms.amazonaws.com\",\"ec2.application-autoscaling.amazonaws.com\",\"resource-groups.amazonaws.com\",\"elasticbeanstalk.amazonaws.com\",\"elasticmapreduce.amazonaws.com\",\"ecs.amazonaws.com\",\"cloudformation.amazonaws.com\",\"states.amazonaws.com\",\"apigateway.amazonaws.com\",\"athena.amazonaws.com\",\"codedeploy.amazonaws.com\",\"sqs.amazonaws.com\",\"firehose.amazonaws.com\",\"pipes.amazonaws.com\",\"backup.amazonaws.com\",\"cloud9.amazonaws.com\",\"codewhisperer.amazonaws.com\",\"rds.amazonaws.com\",\"ec2.amazonaws.com\",\"forecast.amazonaws.com\",\"servicecatalog.amazonaws.com\",\"credentials.iot.amazonaws.com\",\"scheduler.amazonaws.com\",\"batch.amazonaws.com\",\"autoscaling.amazonaws.com\",\"codecommit.amazonaws.com\",\"ecs-tasks.amazonaws.com\",\"lambda.amazonaws.com\",\"elasticfilesystem.amazonaws.com\",\"rekognition.amazonaws.com\",\"iotanalytics.amazonaws.com\",\"sns.amazonaws.com\",\"elasticloadbalancing.amazonaws.com\",\"application-autoscaling.amazonaws.com\",\"iot.amazonaws.com\",\"cloudtrail.amazonaws.com\",\"logs.amazonaws.com\",\"events.amazonaws.com\",\"iotevents.amazonaws.com\",\"kinesisanalytics.amazonaws.com\",\"eks.amazonaws.com\",\"kinesis.amazonaws.com\",\"glue.amazonaws.com\",\"databrew.amazonaws.com\",\"deepracer.amazonaws.com\",\"redshift.amazonaws.com\",\"dynamodb.amazonaws.com\",\"cognito-idp.amazonaws.com\",\"eks-fargate-pods.amazonaws.com\",\"s3.amazonaws.com\",\"ssm.amazonaws.com\",\"sagemaker.amazonaws.com\",\"secretsmanager.amazonaws.com\"]},\"Action\":\"sts:AssumeRole\"}]}",
            "create_date": "2026-07-13T02:27:52Z",
            "description": "",
            "id": "LabRole",
            "max_session_duration": 3600,
            "name": "LabRole",
            "path": "/",
            "permissions_boundary": "",
            "role_last_used": [
              {
                "last_used_date": "2026-07-13T07:45:16Z",
                "region": "us-east-1"
              }
            ],
            "tags": {
              "cloudlab": "c210884a5348979l15666886t1w847750225273"
            },
            "unique_id": "AROA4KYOZ3V4S3LB4COQO"
          },
          "sensitive_attributes": [],
          "identity_schema_version": 0
        }
      ]
    },
    {
      "mode": "managed",
      "type": "aws_cloudwatch_log_group",
      "name": "eks_apps",
      "provider": "provider[\"registry.terraform.io/hashicorp/aws\"]",
      "instances": [
        {
          "schema_version": 0,
          "attributes": {
            "arn": "arn:aws:logs:us-east-1:847750225273:log-group:/eks/devopsvg/applications",
            "id": "/eks/devopsvg/applications",
            "kms_key_id": "",
            "log_group_class": "STANDARD",
            "name": "/eks/devopsvg/applications",
            "name_prefix": "",
            "retention_in_days": 7,
            "skip_destroy": false,
            "tags": {
              "Course": "ISY1101",
              "Project": "devopsvg"
            },
            "tags_all": {
              "Course": "ISY1101",
              "Project": "devopsvg"
            }
          },
          "sensitive_attributes": [],
          "identity_schema_version": 0,
          "private": "bnVsbA=="
        }
      ]
    },
    {
      "mode": "managed",
      "type": "aws_ecr_repository",
      "name": "backend_despachos",
      "provider": "provider[\"registry.terraform.io/hashicorp/aws\"]",
      "instances": [
        {
          "schema_version": 0,
          "attributes": {
            "arn": "arn:aws:ecr:us-east-1:847750225273:repository/devopsvg-back-despachos",
            "encryption_configuration": [
              {
                "encryption_type": "AES256",
                "kms_key": ""
              }
            ],
            "force_delete": true,
            "id": "devopsvg-back-despachos",
            "image_scanning_configuration": [
              {
                "scan_on_push": true
              }
            ],
            "image_tag_mutability": "MUTABLE",
            "name": "devopsvg-back-despachos",
            "registry_id": "847750225273",
            "repository_url": "847750225273.dkr.ecr.us-east-1.amazonaws.com/devopsvg-back-despachos",
            "tags": {
              "Course": "ISY1101",
              "Project": "devopsvg"
            },
            "tags_all": {
              "Course": "ISY1101",
              "Project": "devopsvg"
            },
            "timeouts": null
          },
          "sensitive_attributes": [],
          "identity_schema_version": 0,
          "private": "eyJlMmJmYjczMC1lY2FhLTExZTYtOGY4OC0zNDM2M2JjN2M0YzAiOnsiZGVsZXRlIjoxMjAwMDAwMDAwMDAwfX0="
        }
      ]
    },
    {
      "mode": "managed",
      "type": "aws_ecr_repository",
      "name": "backend_ventas",
      "provider": "provider[\"registry.terraform.io/hashicorp/aws\"]",
      "instances": [
        {
          "schema_version": 0,
          "attributes": {
            "arn": "arn:aws:ecr:us-east-1:847750225273:repository/devopsvg-back-ventas",
            "encryption_configuration": [
              {
                "encryption_type": "AES256",
                "kms_key": ""
              }
            ],
            "force_delete": true,
            "id": "devopsvg-back-ventas",
            "image_scanning_configuration": [
              {
                "scan_on_push": true
              }
            ],
            "image_tag_mutability": "MUTABLE",
            "name": "devopsvg-back-ventas",
            "registry_id": "847750225273",
            "repository_url": "847750225273.dkr.ecr.us-east-1.amazonaws.com/devopsvg-back-ventas",
            "tags": {
              "Course": "ISY1101",
              "Project": "devopsvg"
            },
            "tags_all": {
              "Course": "ISY1101",
              "Project": "devopsvg"
            },
            "timeouts": null
          },
          "sensitive_attributes": [],
          "identity_schema_version": 0,
          "private": "eyJlMmJmYjczMC1lY2FhLTExZTYtOGY4OC0zNDM2M2JjN2M0YzAiOnsiZGVsZXRlIjoxMjAwMDAwMDAwMDAwfX0="
        }
      ]
    },
    {
      "mode": "managed",
      "type": "aws_ecr_repository",
      "name": "frontend",
      "provider": "provider[\"registry.terraform.io/hashicorp/aws\"]",
      "instances": [
        {
          "schema_version": 0,
          "attributes": {
            "arn": "arn:aws:ecr:us-east-1:847750225273:repository/devopsvg-frontend",
            "encryption_configuration": [
              {
                "encryption_type": "AES256",
                "kms_key": ""
              }
            ],
            "force_delete": true,
            "id": "devopsvg-frontend",
            "image_scanning_configuration": [
              {
                "scan_on_push": true
              }
            ],
            "image_tag_mutability": "MUTABLE",
            "name": "devopsvg-frontend",
            "registry_id": "847750225273",
            "repository_url": "847750225273.dkr.ecr.us-east-1.amazonaws.com/devopsvg-frontend",
            "tags": {
              "Course": "ISY1101",
              "Project": "devopsvg"
            },
            "tags_all": {
              "Course": "ISY1101",
              "Project": "devopsvg"
            },
            "timeouts": null
          },
          "sensitive_attributes": [],
          "identity_schema_version": 0,
          "private": "eyJlMmJmYjczMC1lY2FhLTExZTYtOGY4OC0zNDM2M2JjN2M0YzAiOnsiZGVsZXRlIjoxMjAwMDAwMDAwMDAwfX0="
        }
      ]
    },
    {
      "mode": "managed",
      "type": "aws_internet_gateway",
      "name": "main",
      "provider": "provider[\"registry.terraform.io/hashicorp/aws\"]",
      "instances": [
        {
          "schema_version": 0,
          "attributes": {
            "arn": "arn:aws:ec2:us-east-1:847750225273:internet-gateway/igw-0936322ed440bc9cb",
            "id": "igw-0936322ed440bc9cb",
            "owner_id": "847750225273",
            "tags": {
              "Course": "ISY1101",
              "Name": "devopsvg-igw",
              "Project": "devopsvg"
            },
            "tags_all": {
              "Course": "ISY1101",
              "Name": "devopsvg-igw",
              "Project": "devopsvg"
            },
            "timeouts": null,
            "vpc_id": "vpc-009636059a77fe98a"
          },
          "sensitive_attributes": [],
          "identity_schema_version": 0,
          "private": "eyJlMmJmYjczMC1lY2FhLTExZTYtOGY4OC0zNDM2M2JjN2M0YzAiOnsiY3JlYXRlIjoxMjAwMDAwMDAwMDAwLCJkZWxldGUiOjEyMDAwMDAwMDAwMDAsInVwZGF0ZSI6MTIwMDAwMDAwMDAwMH19",
          "dependencies": [
            "aws_vpc.main"
          ]
        }
      ]
    },
    {
      "mode": "managed",
      "type": "aws_route_table",
      "name": "public",
      "provider": "provider[\"registry.terraform.io/hashicorp/aws\"]",
      "instances": [
        {
          "schema_version": 0,
          "attributes": {
            "arn": "arn:aws:ec2:us-east-1:847750225273:route-table/rtb-09d117259086a0b62",
            "id": "rtb-09d117259086a0b62",
            "owner_id": "847750225273",
            "propagating_vgws": [],
            "route": [
              {
                "carrier_gateway_id": "",
                "cidr_block": "0.0.0.0/0",
                "core_network_arn": "",
                "destination_prefix_list_id": "",
                "egress_only_gateway_id": "",
                "gateway_id": "igw-0936322ed440bc9cb",
                "ipv6_cidr_block": "",
                "local_gateway_id": "",
                "nat_gateway_id": "",
                "network_interface_id": "",
                "transit_gateway_id": "",
                "vpc_endpoint_id": "",
                "vpc_peering_connection_id": ""
              }
            ],
            "tags": {
              "Course": "ISY1101",
              "Name": "devopsvg-public-rt",
              "Project": "devopsvg"
            },
            "tags_all": {
              "Course": "ISY1101",
              "Name": "devopsvg-public-rt",
              "Project": "devopsvg"
            },
            "timeouts": null,
            "vpc_id": "vpc-009636059a77fe98a"
          },
          "sensitive_attributes": [],
          "identity_schema_version": 0,
          "private": "eyJlMmJmYjczMC1lY2FhLTExZTYtOGY4OC0zNDM2M2JjN2M0YzAiOnsiY3JlYXRlIjozMDAwMDAwMDAwMDAsImRlbGV0ZSI6MzAwMDAwMDAwMDAwLCJ1cGRhdGUiOjEyMDAwMDAwMDAwMH19",
          "dependencies": [
            "aws_internet_gateway.main",
            "aws_vpc.main"
          ]
        }
      ]
    },
    {
      "mode": "managed",
      "type": "aws_route_table_association",
      "name": "public",
      "provider": "provider[\"registry.terraform.io/hashicorp/aws\"]",
      "instances": [
        {
          "index_key": 0,
          "schema_version": 0,
          "attributes": {
            "gateway_id": "",
            "id": "rtbassoc-0a4199d3a348d3ee1",
            "route_table_id": "rtb-09d117259086a0b62",
            "subnet_id": "subnet-09b89cee798f34f80",
            "timeouts": null
          },
          "sensitive_attributes": [],
          "identity_schema_version": 0,
          "private": "eyJlMmJmYjczMC1lY2FhLTExZTYtOGY4OC0zNDM2M2JjN2M0YzAiOnsiY3JlYXRlIjozMDAwMDAwMDAwMDAsImRlbGV0ZSI6MzAwMDAwMDAwMDAwLCJ1cGRhdGUiOjEyMDAwMDAwMDAwMH19",
          "dependencies": [
            "aws_internet_gateway.main",
            "aws_route_table.public",
            "aws_subnet.public",
            "aws_vpc.main",
            "data.aws_availability_zones.available"
          ]
        },
        {
          "index_key": 1,
          "schema_version": 0,
          "attributes": {
            "gateway_id": "",
            "id": "rtbassoc-065bd0141c0550a84",
            "route_table_id": "rtb-09d117259086a0b62",
            "subnet_id": "subnet-08cbb4e1557ab68ba",
            "timeouts": null
          },
          "sensitive_attributes": [],
          "identity_schema_version": 0,
          "private": "eyJlMmJmYjczMC1lY2FhLTExZTYtOGY4OC0zNDM2M2JjN2M0YzAiOnsiY3JlYXRlIjozMDAwMDAwMDAwMDAsImRlbGV0ZSI6MzAwMDAwMDAwMDAwLCJ1cGRhdGUiOjEyMDAwMDAwMDAwMH19",
          "dependencies": [
            "aws_internet_gateway.main",
            "aws_route_table.public",
            "aws_subnet.public",
            "aws_vpc.main",
            "data.aws_availability_zones.available"
          ]
        }
      ]
    },
    {
      "mode": "managed",
      "type": "aws_security_group",
      "name": "cluster",
      "provider": "provider[\"registry.terraform.io/hashicorp/aws\"]",
      "instances": [
        {
          "schema_version": 1,
          "attributes": {
            "arn": "arn:aws:ec2:us-east-1:847750225273:security-group/sg-0820c44580232e922",
            "description": "Security group for EKS control plane",
            "egress": [
              {
                "cidr_blocks": [
                  "0.0.0.0/0"
                ],
                "description": "",
                "from_port": 0,
                "ipv6_cidr_blocks": [],
                "prefix_list_ids": [],
                "protocol": "-1",
                "security_groups": [],
                "self": false,
                "to_port": 0
              }
            ],
            "id": "sg-0820c44580232e922",
            "ingress": [],
            "name": "devopsvg-eks-cluster-sg",
            "name_prefix": "",
            "owner_id": "847750225273",
            "revoke_rules_on_delete": false,
            "tags": {
              "Course": "ISY1101",
              "Project": "devopsvg"
            },
            "tags_all": {
              "Course": "ISY1101",
              "Project": "devopsvg"
            },
            "timeouts": null,
            "vpc_id": "vpc-009636059a77fe98a"
          },
          "sensitive_attributes": [],
          "identity_schema_version": 0,
          "private": "eyJlMmJmYjczMC1lY2FhLTExZTYtOGY4OC0zNDM2M2JjN2M0YzAiOnsiY3JlYXRlIjo2MDAwMDAwMDAwMDAsImRlbGV0ZSI6OTAwMDAwMDAwMDAwfSwic2NoZW1hX3ZlcnNpb24iOiIxIn0=",
          "dependencies": [
            "aws_vpc.main"
          ]
        }
      ]
    },
    {
      "mode": "managed",
      "type": "aws_subnet",
      "name": "public",
      "provider": "provider[\"registry.terraform.io/hashicorp/aws\"]",
      "instances": [
        {
          "index_key": 0,
          "schema_version": 1,
          "attributes": {
            "arn": "arn:aws:ec2:us-east-1:847750225273:subnet/subnet-09b89cee798f34f80",
            "assign_ipv6_address_on_creation": false,
            "availability_zone": "us-east-1a",
            "availability_zone_id": "use1-az1",
            "cidr_block": "10.20.0.0/24",
            "customer_owned_ipv4_pool": "",
            "enable_dns64": false,
            "enable_lni_at_device_index": 0,
            "enable_resource_name_dns_a_record_on_launch": false,
            "enable_resource_name_dns_aaaa_record_on_launch": false,
            "id": "subnet-09b89cee798f34f80",
            "ipv6_cidr_block": "",
            "ipv6_cidr_block_association_id": "",
            "ipv6_native": false,
            "map_customer_owned_ip_on_launch": false,
            "map_public_ip_on_launch": true,
            "outpost_arn": "",
            "owner_id": "847750225273",
            "private_dns_hostname_type_on_launch": "ip-name",
            "tags": {
              "Course": "ISY1101",
              "Name": "devopsvg-public-1",
              "Project": "devopsvg",
              "kubernetes.io/cluster/devopsvg-eks": "shared",
              "kubernetes.io/role/elb": "1"
            },
            "tags_all": {
              "Course": "ISY1101",
              "Name": "devopsvg-public-1",
              "Project": "devopsvg",
              "kubernetes.io/cluster/devopsvg-eks": "shared",
              "kubernetes.io/role/elb": "1"
            },
            "timeouts": null,
            "vpc_id": "vpc-009636059a77fe98a"
          },
          "sensitive_attributes": [],
          "identity_schema_version": 0,
          "private": "eyJlMmJmYjczMC1lY2FhLTExZTYtOGY4OC0zNDM2M2JjN2M0YzAiOnsiY3JlYXRlIjo2MDAwMDAwMDAwMDAsImRlbGV0ZSI6MTIwMDAwMDAwMDAwMH0sInNjaGVtYV92ZXJzaW9uIjoiMSJ9",
          "dependencies": [
            "aws_vpc.main",
            "data.aws_availability_zones.available"
          ]
        },
        {
          "index_key": 1,
          "schema_version": 1,
          "attributes": {
            "arn": "arn:aws:ec2:us-east-1:847750225273:subnet/subnet-08cbb4e1557ab68ba",
            "assign_ipv6_address_on_creation": false,
            "availability_zone": "us-east-1b",
            "availability_zone_id": "use1-az2",
            "cidr_block": "10.20.1.0/24",
            "customer_owned_ipv4_pool": "",
            "enable_dns64": false,
            "enable_lni_at_device_index": 0,
            "enable_resource_name_dns_a_record_on_launch": false,
            "enable_resource_name_dns_aaaa_record_on_launch": false,
            "id": "subnet-08cbb4e1557ab68ba",
            "ipv6_cidr_block": "",
            "ipv6_cidr_block_association_id": "",
            "ipv6_native": false,
            "map_customer_owned_ip_on_launch": false,
            "map_public_ip_on_launch": true,
            "outpost_arn": "",
            "owner_id": "847750225273",
            "private_dns_hostname_type_on_launch": "ip-name",
            "tags": {
              "Course": "ISY1101",
              "Name": "devopsvg-public-2",
              "Project": "devopsvg",
              "kubernetes.io/cluster/devopsvg-eks": "shared",
              "kubernetes.io/role/elb": "1"
            },
            "tags_all": {
              "Course": "ISY1101",
              "Name": "devopsvg-public-2",
              "Project": "devopsvg",
              "kubernetes.io/cluster/devopsvg-eks": "shared",
              "kubernetes.io/role/elb": "1"
            },
            "timeouts": null,
            "vpc_id": "vpc-009636059a77fe98a"
          },
          "sensitive_attributes": [],
          "identity_schema_version": 0,
          "private": "eyJlMmJmYjczMC1lY2FhLTExZTYtOGY4OC0zNDM2M2JjN2M0YzAiOnsiY3JlYXRlIjo2MDAwMDAwMDAwMDAsImRlbGV0ZSI6MTIwMDAwMDAwMDAwMH0sInNjaGVtYV92ZXJzaW9uIjoiMSJ9",
          "dependencies": [
            "aws_vpc.main",
            "data.aws_availability_zones.available"
          ]
        }
      ]
    },
    {
      "mode": "managed",
      "type": "aws_vpc",
      "name": "main",
      "provider": "provider[\"registry.terraform.io/hashicorp/aws\"]",
      "instances": [
        {
          "schema_version": 1,
          "attributes": {
            "arn": "arn:aws:ec2:us-east-1:847750225273:vpc/vpc-009636059a77fe98a",
            "assign_generated_ipv6_cidr_block": false,
            "cidr_block": "10.20.0.0/16",
            "default_network_acl_id": "acl-08a5c256a5bd0bf6b",
            "default_route_table_id": "rtb-0efc5ab9f02ddb52d",
            "default_security_group_id": "sg-02a98199366b77b67",
            "dhcp_options_id": "dopt-00bfe956b019cd6ef",
            "enable_dns_hostnames": true,
            "enable_dns_support": true,
            "enable_network_address_usage_metrics": false,
            "id": "vpc-009636059a77fe98a",
            "instance_tenancy": "default",
            "ipv4_ipam_pool_id": null,
            "ipv4_netmask_length": null,
            "ipv6_association_id": "",
            "ipv6_cidr_block": "",
            "ipv6_cidr_block_network_border_group": "",
            "ipv6_ipam_pool_id": "",
            "ipv6_netmask_length": 0,
            "main_route_table_id": "rtb-0efc5ab9f02ddb52d",
            "owner_id": "847750225273",
            "tags": {
              "Course": "ISY1101",
              "Name": "devopsvg-vpc",
              "Project": "devopsvg"
            },
            "tags_all": {
              "Course": "ISY1101",
              "Name": "devopsvg-vpc",
              "Project": "devopsvg"
            }
          },
          "sensitive_attributes": [],
          "identity_schema_version": 0,
          "private": "eyJzY2hlbWFfdmVyc2lvbiI6IjEifQ=="
        }
      ]
    }
  ],
  "check_results": null
}
