{
  "version": 4,
  "terraform_version": "1.14.8",
  "serial": 21,
  "lineage": "2fba6f7f-9d04-c1c4-1dde-7d9bfb536c2d",
  "outputs": {
    "aws_region": {
      "value": "us-east-1",
      "type": "string"
    },
    "backend_despachos_repository_url": {
      "value": "847750225273.dkr.ecr.us-east-1.amazonaws.com/devopsvg-back-despachos",
      "type": "string"
    },
    "backend_ventas_repository_url": {
      "value": "847750225273.dkr.ecr.us-east-1.amazonaws.com/devopsvg-back-ventas",
      "type": "string"
    },
    "cluster_name": {
      "value": "devopsvg-eks",
      "type": "string"
    },
    "frontend_repository_url": {
      "value": "847750225273.dkr.ecr.us-east-1.amazonaws.com/devopsvg-frontend",
      "type": "string"
    },
    "vpc_id": {
      "value": "vpc-00e818c721f012095",
      "type": "string"
    }
  },
  "resources": [
    {
      "mode": "data",
      "type": "aws_availability_zones",
      "name": "available",
      "provider": "provider[\"registry.terraform.io/hashicorp/aws\"]",
      "instances": [
        {
          "schema_version": 0,
          "attributes": {
            "all_availability_zones": null,
            "exclude_names": null,
            "exclude_zone_ids": null,
            "filter": null,
            "group_names": [
              "us-east-1-zg-1"
            ],
            "id": "us-east-1",
            "names": [
              "us-east-1a",
              "us-east-1b",
              "us-east-1c",
              "us-east-1d",
              "us-east-1e",
              "us-east-1f"
            ],
            "state": "available",
            "timeouts": null,
            "zone_ids": [
              "use1-az1",
              "use1-az2",
              "use1-az4",
              "use1-az6",
              "use1-az3",
              "use1-az5"
            ]
          },
          "sensitive_attributes": [],
          "identity_schema_version": 0
        }
      ]
    },
    {
      "mode": "data",
      "type": "aws_caller_identity",
      "name": "current",
      "provider": "provider[\"registry.terraform.io/hashicorp/aws\"]",
      "instances": [
        {
          "schema_version": 0,
          "attributes": {
            "account_id": "847750225273",
            "arn": "arn:aws:sts::847750225273:assumed-role/voclabs/user3278740=MUNOZ__CARLOS_IGNACIO",
            "id": "847750225273",
            "user_id": "AROA4KYOZ3V46D4QCVTBA:user3278740=MUNOZ__CARLOS_IGNACIO"
          },
          "sensitive_attributes": [],
          "identity_schema_version": 0
        }
      ]
    },
    {
      "mode": "data",
      "type": "aws_iam_role",
      "name": "lab_role",
      "provider": "provider[\"registry.terraform.io/hashicorp/aws\"]",
      "instances": [
        {
          "schema_version": 0,
          "attributes": {
            "arn": "arn:aws:iam::847750225273:role/LabRole",
            "assume_role_policy": "{\"Version\":\"2012-10-17\",\"Statement\":[{\"Effect\":\"Allow\",\"Principal\":{\"Service\":[\"elasticmapreduce.amazonaws.com\",\"ec2.application-autoscaling.amazonaws.com\",\"resource-groups.amazonaws.com\",\"states.amazonaws.com\",\"deepracer.amazonaws.com\",\"elasticbeanstalk.amazonaws.com\",\"cloudformation.amazonaws.com\",\"ecs.amazonaws.com\",\"cognito-idp.amazonaws.com\",\"s3.amazonaws.com\",\"ssm.amazonaws.com\",\"eks-fargate-pods.amazonaws.com\",\"redshift.amazonaws.com\",\"autoscaling.amazonaws.com\",\"scheduler.amazonaws.com\",\"sagemaker.amazonaws.com\",\"kms.amazonaws.com\",\"batch.amazonaws.com\",\"pipes.amazonaws.com\",\"secretsmanager.amazonaws.com\",\"kinesisanalytics.amazonaws.com\",\"glue.amazonaws.com\",\"cloudtrail.amazonaws.com\",\"events.amazonaws.com\",\"logs.amazonaws.com\",\"codecommit.amazonaws.com\",\"firehose.amazonaws.com\",\"iotevents.amazonaws.com\",\"sns.amazonaws.com\",\"elasticfilesystem.amazonaws.com\",\"iotanalytics.amazonaws.com\",\"rekognition.amazonaws.com\",\"lambda.amazonaws.com\",\"iot.amazonaws.com\",\"application-autoscaling.amazonaws.com\",\"elasticloadbalancing.amazonaws.com\",\"dynamodb.amazonaws.com\",\"credentials.iot.amazonaws.com\",\"cloud9.amazonaws.com\",\"databrew.amazonaws.com\",\"ecs-tasks.amazonaws.com\",\"kinesis.amazonaws.com\",\"rds.amazonaws.com\",\"sqs.amazonaws.com\",\"backup.amazonaws.com\",\"servicecatalog.amazonaws.com\",\"eks.amazonaws.com\",\"codedeploy.amazonaws.com\",\"forecast.amazonaws.com\",\"codewhisperer.amazonaws.com\",\"ec2.amazonaws.com\",\"athena.amazonaws.com\",\"apigateway.amazonaws.com\"],\"AWS\":\"arn:aws:iam::847750225273:role/LabRole\"},\"Action\":\"sts:AssumeRole\"}]}",
            "create_date": "2026-07-13T02:27:52Z",
            "description": "",
            "id": "LabRole",
            "max_session_duration": 3600,
            "name": "LabRole",
            "path": "/",
            "permissions_boundary": "",
            "role_last_used": [
              {
                "last_used_date": "2026-07-13T05:31:38Z",
                "region": "us-east-1"
              }
            ],
            "tags": {
              "cloudlab": "c210884a5348979l15666886t1w847750225273"
            },
            "unique_id": "AROA4KYOZ3V4S3LB4COQO"
          },
          "sensitive_attributes": [],
          "identity_schema_version": 0
        }
      ]
    },
    {
      "mode": "managed",
      "type": "aws_cloudwatch_log_group",
      "name": "eks_apps",
      "provider": "provider[\"registry.terraform.io/hashicorp/aws\"]",
      "instances": [
        {
          "schema_version": 0,
          "attributes": {
            "arn": "arn:aws:logs:us-east-1:847750225273:log-group:/eks/devopsvg/applications",
            "id": "/eks/devopsvg/applications",
            "kms_key_id": "",
            "log_group_class": "STANDARD",
            "name": "/eks/devopsvg/applications",
            "name_prefix": "",
            "retention_in_days": 7,
            "skip_destroy": false,
            "tags": {
              "Course": "ISY1101",
              "Project": "devopsvg"
            },
            "tags_all": {
              "Course": "ISY1101",
              "Project": "devopsvg"
            }
          },
          "sensitive_attributes": [],
          "identity_schema_version": 0,
          "private": "bnVsbA=="
        }
      ]
    },
    {
      "mode": "managed",
      "type": "aws_ecr_repository",
      "name": "backend_despachos",
      "provider": "provider[\"registry.terraform.io/hashicorp/aws\"]",
      "instances": [
        {
          "schema_version": 0,
          "attributes": {
            "arn": "arn:aws:ecr:us-east-1:847750225273:repository/devopsvg-back-despachos",
            "encryption_configuration": [
              {
                "encryption_type": "AES256",
                "kms_key": ""
              }
            ],
            "force_delete": null,
            "id": "devopsvg-back-despachos",
            "image_scanning_configuration": [
              {
                "scan_on_push": true
              }
            ],
            "image_tag_mutability": "MUTABLE",
            "name": "devopsvg-back-despachos",
            "registry_id": "847750225273",
            "repository_url": "847750225273.dkr.ecr.us-east-1.amazonaws.com/devopsvg-back-despachos",
            "tags": {
              "Course": "ISY1101",
              "Project": "devopsvg"
            },
            "tags_all": {
              "Course": "ISY1101",
              "Project": "devopsvg"
            },
            "timeouts": null
          },
          "sensitive_attributes": [],
          "identity_schema_version": 0,
          "private": "eyJlMmJmYjczMC1lY2FhLTExZTYtOGY4OC0zNDM2M2JjN2M0YzAiOnsiZGVsZXRlIjoxMjAwMDAwMDAwMDAwfX0="
        }
      ]
    },
    {
      "mode": "managed",
      "type": "aws_ecr_repository",
      "name": "backend_ventas",
      "provider": "provider[\"registry.terraform.io/hashicorp/aws\"]",
      "instances": [
        {
          "schema_version": 0,
          "attributes": {
            "arn": "arn:aws:ecr:us-east-1:847750225273:repository/devopsvg-back-ventas",
            "encryption_configuration": [
              {
                "encryption_type": "AES256",
                "kms_key": ""
              }
            ],
            "force_delete": null,
            "id": "devopsvg-back-ventas",
            "image_scanning_configuration": [
              {
                "scan_on_push": true
              }
            ],
            "image_tag_mutability": "MUTABLE",
            "name": "devopsvg-back-ventas",
            "registry_id": "847750225273",
            "repository_url": "847750225273.dkr.ecr.us-east-1.amazonaws.com/devopsvg-back-ventas",
            "tags": {
              "Course": "ISY1101",
              "Project": "devopsvg"
            },
            "tags_all": {
              "Course": "ISY1101",
              "Project": "devopsvg"
            },
            "timeouts": null
          },
          "sensitive_attributes": [],
          "identity_schema_version": 0,
          "private": "eyJlMmJmYjczMC1lY2FhLTExZTYtOGY4OC0zNDM2M2JjN2M0YzAiOnsiZGVsZXRlIjoxMjAwMDAwMDAwMDAwfX0="
        }
      ]
    },
    {
      "mode": "managed",
      "type": "aws_ecr_repository",
      "name": "frontend",
      "provider": "provider[\"registry.terraform.io/hashicorp/aws\"]",
      "instances": [
        {
          "schema_version": 0,
          "attributes": {
            "arn": "arn:aws:ecr:us-east-1:847750225273:repository/devopsvg-frontend",
            "encryption_configuration": [
              {
                "encryption_type": "AES256",
                "kms_key": ""
              }
            ],
            "force_delete": null,
            "id": "devopsvg-frontend",
            "image_scanning_configuration": [
              {
                "scan_on_push": true
              }
            ],
            "image_tag_mutability": "MUTABLE",
            "name": "devopsvg-frontend",
            "registry_id": "847750225273",
            "repository_url": "847750225273.dkr.ecr.us-east-1.amazonaws.com/devopsvg-frontend",
            "tags": {
              "Course": "ISY1101",
              "Project": "devopsvg"
            },
            "tags_all": {
              "Course": "ISY1101",
              "Project": "devopsvg"
            },
            "timeouts": null
          },
          "sensitive_attributes": [],
          "identity_schema_version": 0,
          "private": "eyJlMmJmYjczMC1lY2FhLTExZTYtOGY4OC0zNDM2M2JjN2M0YzAiOnsiZGVsZXRlIjoxMjAwMDAwMDAwMDAwfX0="
        }
      ]
    },
    {
      "mode": "managed",
      "type": "aws_eks_addon",
      "name": "coredns",
      "provider": "provider[\"registry.terraform.io/hashicorp/aws\"]",
      "instances": [
        {
          "schema_version": 0,
          "attributes": {
            "addon_name": "coredns",
            "addon_version": "v1.11.4-eksbuild.39",
            "arn": "arn:aws:eks:us-east-1:847750225273:addon/devopsvg-eks/coredns/66cfacfd-a6e8-d0a5-2969-18a944b10326",
            "cluster_name": "devopsvg-eks",
            "configuration_values": "",
            "created_at": "2026-07-13T05:37:49Z",
            "id": "devopsvg-eks:coredns",
            "modified_at": "2026-07-13T05:38:03Z",
            "pod_identity_association": [],
            "preserve": null,
            "resolve_conflicts": null,
            "resolve_conflicts_on_create": null,
            "resolve_conflicts_on_update": null,
            "service_account_role_arn": "",
            "tags": {},
            "tags_all": {},
            "timeouts": null
          },
          "sensitive_attributes": [],
          "identity_schema_version": 0,
          "private": "eyJlMmJmYjczMC1lY2FhLTExZTYtOGY4OC0zNDM2M2JjN2M0YzAiOnsiY3JlYXRlIjoxMjAwMDAwMDAwMDAwLCJkZWxldGUiOjI0MDAwMDAwMDAwMDAsInVwZGF0ZSI6MTIwMDAwMDAwMDAwMH0sInNjaGVtYV92ZXJzaW9uIjoiMCJ9"
        }
      ]
    },
    {
      "mode": "managed",
      "type": "aws_eks_addon",
      "name": "kube_proxy",
      "provider": "provider[\"registry.terraform.io/hashicorp/aws\"]",
      "instances": [
        {
          "schema_version": 0,
          "attributes": {
            "addon_name": "kube-proxy",
            "addon_version": "v1.32.13-eksbuild.14",
            "arn": "arn:aws:eks:us-east-1:847750225273:addon/devopsvg-eks/kube-proxy/9ecfacfd-a338-492a-b15c-4d6fc195d986",
            "cluster_name": "devopsvg-eks",
            "configuration_values": "",
            "created_at": "2026-07-13T05:37:47Z",
            "id": "devopsvg-eks:kube-proxy",
            "modified_at": "2026-07-13T05:38:04Z",
            "pod_identity_association": [],
            "preserve": null,
            "resolve_conflicts": null,
            "resolve_conflicts_on_create": null,
            "resolve_conflicts_on_update": null,
            "service_account_role_arn": "",
            "tags": {},
            "tags_all": {},
            "timeouts": null
          },
          "sensitive_attributes": [],
          "identity_schema_version": 0,
          "private": "eyJlMmJmYjczMC1lY2FhLTExZTYtOGY4OC0zNDM2M2JjN2M0YzAiOnsiY3JlYXRlIjoxMjAwMDAwMDAwMDAwLCJkZWxldGUiOjI0MDAwMDAwMDAwMDAsInVwZGF0ZSI6MTIwMDAwMDAwMDAwMH0sInNjaGVtYV92ZXJzaW9uIjoiMCJ9"
        }
      ]
    },
    {
      "mode": "managed",
      "type": "aws_eks_addon",
      "name": "vpc_cni",
      "provider": "provider[\"registry.terraform.io/hashicorp/aws\"]",
      "instances": [
        {
          "schema_version": 0,
          "attributes": {
            "addon_name": "vpc-cni",
            "addon_version": "v1.21.2-eksbuild.2",
            "arn": "arn:aws:eks:us-east-1:847750225273:addon/devopsvg-eks/vpc-cni/f6cfacfd-9f27-887b-f98c-d0b5ef8906ff",
            "cluster_name": "devopsvg-eks",
            "configuration_values": "",
            "created_at": "2026-07-13T05:37:45Z",
            "id": "devopsvg-eks:vpc-cni",
            "modified_at": "2026-07-13T05:38:13Z",
            "pod_identity_association": [],
            "preserve": null,
            "resolve_conflicts": null,
            "resolve_conflicts_on_create": null,
            "resolve_conflicts_on_update": null,
            "service_account_role_arn": "",
            "tags": {},
            "tags_all": {},
            "timeouts": null
          },
          "sensitive_attributes": [],
          "identity_schema_version": 0,
          "private": "eyJlMmJmYjczMC1lY2FhLTExZTYtOGY4OC0zNDM2M2JjN2M0YzAiOnsiY3JlYXRlIjoxMjAwMDAwMDAwMDAwLCJkZWxldGUiOjI0MDAwMDAwMDAwMDAsInVwZGF0ZSI6MTIwMDAwMDAwMDAwMH0sInNjaGVtYV92ZXJzaW9uIjoiMCJ9"
        }
      ]
    },
    {
      "mode": "managed",
      "type": "aws_eks_cluster",
      "name": "main",
      "provider": "provider[\"registry.terraform.io/hashicorp/aws\"]",
      "instances": [
        {
          "schema_version": 1,
          "attributes": {
            "access_config": [
              {
                "authentication_mode": "CONFIG_MAP",
                "bootstrap_cluster_creator_admin_permissions": true
              }
            ],
            "arn": "arn:aws:eks:us-east-1:847750225273:cluster/devopsvg-eks",
            "bootstrap_self_managed_addons": false,
            "certificate_authority": [
              {
                "data": "LS0tLS1CRUdJTiBDRVJUSUZJQ0FURS0tLS0tCk1JSURCVENDQWUyZ0F3SUJBZ0lJSWo0WnBqN3Z3TGt3RFFZSktvWklodmNOQVFFTEJRQXdGVEVUTUJFR0ExVUUKQXhNS2EzVmlaWEp1WlhSbGN6QWVGdzB5TmpBM01UTXdOVEE0TkRsYUZ3MHpOakEzTVRBd05URXpORGxhTUJVeApFekFSQmdOVkJBTVRDbXQxWW1WeWJtVjBaWE13Z2dFaU1BMEdDU3FHU0liM0RRRUJBUVVBQTRJQkR3QXdnZ0VLCkFvSUJBUUNaNWdVNTBTR05ZLzZyY2NmQWhyK0Z0ZTFmNFVxOXRwZVlKL2EwOHpMTUJJdHgyRzNtUFA3U0MzWlQKYloxVVJreVdLY01SSHVmWWlzWnFDQk9jL0FUU3lGOVFzbjljSm0vcEZJUmVXNXVJRDV5SlJoaU92Q3hSSGdUWgphLzNYeFMyaGRGN2pneGdyaDFpUzd0T2x0dVFnVjkrS3FPOW0vVVpud0dIU0VOL0x3RndGWGNmSVQrM3Jka1RkClFzQU1TNXY2ZE45a2lJeHd0bUZzUTlrUzMrclZDckJmVXRzNWE0MXFhdGwvNmE4VXR2eW5pZHRmek5hM1FOK2MKeXBZcjg4b08yNklaS2hCZENmYmlReTRlSlRTczR4bmllMG9RcjZldXBWMHZtL0c5NTFORGxMN21uVFBvR3pJMgpzSGsrRHhONHhIT05lbTVtL2paYTJscy9ueXpwQWdNQkFBR2pXVEJYTUE0R0ExVWREd0VCL3dRRUF3SUNwREFQCkJnTlZIUk1CQWY4RUJUQURBUUgvTUIwR0ExVWREZ1FXQkJScEdCTFo1eTcrQWk4WVd5WXUvV3lCTmUvQmt6QVYKQmdOVkhSRUVEakFNZ2dwcmRXSmxjbTVsZEdWek1BMEdDU3FHU0liM0RRRUJDd1VBQTRJQkFRQjJ1NVphb1daZgpScjNqTVJvZFFHK1FUaDhqVm9UV1Q1NnlHcHhBY2hWTHdwUElpOXl0WlNpeUFYdkNIcUY3WTVPeitpbmtmSDl0CjlkZHBWeUMrVmt5V0NVZE5SWWxNMFdob3ROSTF4YnZ0OExYeGdjS0JFdTVyYjg5MUNMOTBYa0gwRzdLMTgyNHAKZVh3aE0rWks4K0owaDhxTnUrOEVuYWowQUsrYUc1VVRMc2Mzc1M4WDBzU280UlFhZVArMGZ4RDd5TlJQQzJOSwpQU1ppQ2kxc1dFaGw3L0owRTJCUDIwdlVqbmhJc05oTEphL0lsK1VRSklDcHdYenE5azljR1huRkpudzJxTS9LCkJycjE1amdoOE5yWm56S0xYaUhkVGxmdHg3dy9vYjZpUUZxdkVMZWM2ZnYrVk0vais0eU9qWWpuL3RQZ284eVYKZXVXTlEyWEhsdUZZCi0tLS0tRU5EIENFUlRJRklDQVRFLS0tLS0K"
              }
            ],
            "cluster_id": null,
            "compute_config": [],
            "created_at": "2026-07-13T05:09:29Z",
            "enabled_cluster_log_types": [],
            "encryption_config": [],
            "endpoint": "https://6686DA2FA001399004D99B578EF3BE8F.sk1.us-east-1.eks.amazonaws.com",
            "force_update_version": null,
            "id": "devopsvg-eks",
            "identity": [
              {
                "oidc": [
                  {
                    "issuer": "https://oidc.eks.us-east-1.amazonaws.com/id/6686DA2FA001399004D99B578EF3BE8F"
                  }
                ]
              }
            ],
            "kubernetes_network_config": [
              {
                "elastic_load_balancing": [
                  {
                    "enabled": false
                  }
                ],
                "ip_family": "ipv4",
                "service_ipv4_cidr": "172.20.0.0/16",
                "service_ipv6_cidr": ""
              }
            ],
            "name": "devopsvg-eks",
            "outpost_config": [],
            "platform_version": "eks.49",
            "remote_network_config": [],
            "role_arn": "arn:aws:iam::847750225273:role/LabRole",
            "status": "ACTIVE",
            "storage_config": [],
            "tags": {
              "Course": "ISY1101",
              "Project": "devopsvg"
            },
            "tags_all": {
              "Course": "ISY1101",
              "Project": "devopsvg"
            },
            "timeouts": null,
            "upgrade_policy": [
              {
                "support_type": "EXTENDED"
              }
            ],
            "version": "1.32",
            "vpc_config": [
              {
                "cluster_security_group_id": "sg-03302108d1744e358",
                "endpoint_private_access": false,
                "endpoint_public_access": true,
                "public_access_cidrs": [
                  "0.0.0.0/0"
                ],
                "security_group_ids": [
                  "sg-0435884dc7116472f"
                ],
                "subnet_ids": [
                  "subnet-02d144c4cbef9474b",
                  "subnet-0762f84988e45bb81"
                ],
                "vpc_id": "vpc-00e818c721f012095"
              }
            ],
            "zonal_shift_config": []
          },
          "sensitive_attributes": [],
          "identity_schema_version": 0,
          "private": "eyJlMmJmYjczMC1lY2FhLTExZTYtOGY4OC0zNDM2M2JjN2M0YzAiOnsiY3JlYXRlIjoxODAwMDAwMDAwMDAwLCJkZWxldGUiOjkwMDAwMDAwMDAwMCwidXBkYXRlIjozNjAwMDAwMDAwMDAwfSwic2NoZW1hX3ZlcnNpb24iOiIxIn0=",
          "dependencies": [
            "aws_security_group.cluster",
            "aws_subnet.public",
            "aws_vpc.main",
            "data.aws_availability_zones.available",
            "data.aws_iam_role.lab_role"
          ]
        }
      ]
    },
    {
      "mode": "managed",
      "type": "aws_eks_node_group",
      "name": "main",
      "provider": "provider[\"registry.terraform.io/hashicorp/aws\"]",
      "instances": [
        {
          "schema_version": 0,
          "attributes": {
            "ami_type": "AL2023_x86_64_STANDARD",
            "arn": "arn:aws:eks:us-east-1:847750225273:nodegroup/devopsvg-eks/devopsvg-nodes/92cfacf3-c8c8-63a1-ba2c-02b8b22c318c",
            "capacity_type": "ON_DEMAND",
            "cluster_name": "devopsvg-eks",
            "disk_size": 20,
            "force_update_version": null,
            "id": "devopsvg-eks:devopsvg-nodes",
            "instance_types": [
              "t3.medium"
            ],
            "labels": {},
            "launch_template": [],
            "node_group_name": "devopsvg-nodes",
            "node_group_name_prefix": "",
            "node_repair_config": [],
            "node_role_arn": "arn:aws:iam::847750225273:role/LabRole",
            "release_version": "1.32.13-20260709",
            "remote_access": [],
            "resources": [],
            "scaling_config": [
              {
                "desired_size": 2,
                "max_size": 4,
                "min_size": 2
              }
            ],
            "status": "CREATING",
            "subnet_ids": [
              "subnet-02d144c4cbef9474b",
              "subnet-0762f84988e45bb81"
            ],
            "tags": {
              "Course": "ISY1101",
              "Project": "devopsvg"
            },
            "tags_all": {
              "Course": "ISY1101",
              "Project": "devopsvg"
            },
            "taint": [],
            "timeouts": null,
            "update_config": [
              {
                "max_unavailable": 1,
                "max_unavailable_percentage": 0
              }
            ],
            "version": "1.32"
          },
          "sensitive_attributes": [],
          "identity_schema_version": 0,
          "private": "eyJlMmJmYjczMC1lY2FhLTExZTYtOGY4OC0zNDM2M2JjN2M0YzAiOnsiY3JlYXRlIjozNjAwMDAwMDAwMDAwLCJkZWxldGUiOjM2MDAwMDAwMDAwMDAsInVwZGF0ZSI6MzYwMDAwMDAwMDAwMH0sInNjaGVtYV92ZXJzaW9uIjoiMCJ9",
          "dependencies": [
            "aws_eks_cluster.main",
            "aws_security_group.cluster",
            "aws_subnet.public",
            "aws_vpc.main",
            "data.aws_availability_zones.available",
            "data.aws_iam_role.lab_role"
          ]
        }
      ]
    },
    {
      "mode": "managed",
      "type": "aws_internet_gateway",
      "name": "main",
      "provider": "provider[\"registry.terraform.io/hashicorp/aws\"]",
      "instances": [
        {
          "schema_version": 0,
          "attributes": {
            "arn": "arn:aws:ec2:us-east-1:847750225273:internet-gateway/igw-0155b548646a3c800",
            "id": "igw-0155b548646a3c800",
            "owner_id": "847750225273",
            "tags": {
              "Course": "ISY1101",
              "Name": "devopsvg-igw",
              "Project": "devopsvg"
            },
            "tags_all": {
              "Course": "ISY1101",
              "Name": "devopsvg-igw",
              "Project": "devopsvg"
            },
            "timeouts": null,
            "vpc_id": "vpc-00e818c721f012095"
          },
          "sensitive_attributes": [],
          "identity_schema_version": 0,
          "private": "eyJlMmJmYjczMC1lY2FhLTExZTYtOGY4OC0zNDM2M2JjN2M0YzAiOnsiY3JlYXRlIjoxMjAwMDAwMDAwMDAwLCJkZWxldGUiOjEyMDAwMDAwMDAwMDAsInVwZGF0ZSI6MTIwMDAwMDAwMDAwMH19",
          "dependencies": [
            "aws_vpc.main"
          ]
        }
      ]
    },
    {
      "mode": "managed",
      "type": "aws_route_table",
      "name": "public",
      "provider": "provider[\"registry.terraform.io/hashicorp/aws\"]",
      "instances": [
        {
          "schema_version": 0,
          "attributes": {
            "arn": "arn:aws:ec2:us-east-1:847750225273:route-table/rtb-05305c9f9ef6c548a",
            "id": "rtb-05305c9f9ef6c548a",
            "owner_id": "847750225273",
            "propagating_vgws": [],
            "route": [
              {
                "carrier_gateway_id": "",
                "cidr_block": "0.0.0.0/0",
                "core_network_arn": "",
                "destination_prefix_list_id": "",
                "egress_only_gateway_id": "",
                "gateway_id": "igw-0155b548646a3c800",
                "ipv6_cidr_block": "",
                "local_gateway_id": "",
                "nat_gateway_id": "",
                "network_interface_id": "",
                "transit_gateway_id": "",
                "vpc_endpoint_id": "",
                "vpc_peering_connection_id": ""
              }
            ],
            "tags": {
              "Course": "ISY1101",
              "Name": "devopsvg-public-rt",
              "Project": "devopsvg"
            },
            "tags_all": {
              "Course": "ISY1101",
              "Name": "devopsvg-public-rt",
              "Project": "devopsvg"
            },
            "timeouts": null,
            "vpc_id": "vpc-00e818c721f012095"
          },
          "sensitive_attributes": [],
          "identity_schema_version": 0,
          "private": "eyJlMmJmYjczMC1lY2FhLTExZTYtOGY4OC0zNDM2M2JjN2M0YzAiOnsiY3JlYXRlIjozMDAwMDAwMDAwMDAsImRlbGV0ZSI6MzAwMDAwMDAwMDAwLCJ1cGRhdGUiOjEyMDAwMDAwMDAwMH19",
          "dependencies": [
            "aws_internet_gateway.main",
            "aws_vpc.main"
          ]
        }
      ]
    },
    {
      "mode": "managed",
      "type": "aws_route_table_association",
      "name": "public",
      "provider": "provider[\"registry.terraform.io/hashicorp/aws\"]",
      "instances": [
        {
          "index_key": 0,
          "schema_version": 0,
          "attributes": {
            "gateway_id": "",
            "id": "rtbassoc-091651bbf68758bf6",
            "route_table_id": "rtb-05305c9f9ef6c548a",
            "subnet_id": "subnet-0762f84988e45bb81",
            "timeouts": null
          },
          "sensitive_attributes": [],
          "identity_schema_version": 0,
          "private": "eyJlMmJmYjczMC1lY2FhLTExZTYtOGY4OC0zNDM2M2JjN2M0YzAiOnsiY3JlYXRlIjozMDAwMDAwMDAwMDAsImRlbGV0ZSI6MzAwMDAwMDAwMDAwLCJ1cGRhdGUiOjEyMDAwMDAwMDAwMH19",
          "dependencies": [
            "aws_internet_gateway.main",
            "aws_route_table.public",
            "aws_subnet.public",
            "aws_vpc.main",
            "data.aws_availability_zones.available"
          ]
        },
        {
          "index_key": 1,
          "schema_version": 0,
          "attributes": {
            "gateway_id": "",
            "id": "rtbassoc-02e3f0ee9f0d46fe0",
            "route_table_id": "rtb-05305c9f9ef6c548a",
            "subnet_id": "subnet-02d144c4cbef9474b",
            "timeouts": null
          },
          "sensitive_attributes": [],
          "identity_schema_version": 0,
          "private": "eyJlMmJmYjczMC1lY2FhLTExZTYtOGY4OC0zNDM2M2JjN2M0YzAiOnsiY3JlYXRlIjozMDAwMDAwMDAwMDAsImRlbGV0ZSI6MzAwMDAwMDAwMDAwLCJ1cGRhdGUiOjEyMDAwMDAwMDAwMH19",
          "dependencies": [
            "aws_internet_gateway.main",
            "aws_route_table.public",
            "aws_subnet.public",
            "aws_vpc.main",
            "data.aws_availability_zones.available"
          ]
        }
      ]
    },
    {
      "mode": "managed",
      "type": "aws_security_group",
      "name": "cluster",
      "provider": "provider[\"registry.terraform.io/hashicorp/aws\"]",
      "instances": [
        {
          "schema_version": 1,
          "attributes": {
            "arn": "arn:aws:ec2:us-east-1:847750225273:security-group/sg-0435884dc7116472f",
            "description": "Security group for EKS control plane",
            "egress": [
              {
                "cidr_blocks": [
                  "0.0.0.0/0"
                ],
                "description": "",
                "from_port": 0,
                "ipv6_cidr_blocks": [],
                "prefix_list_ids": [],
                "protocol": "-1",
                "security_groups": [],
                "self": false,
                "to_port": 0
              }
            ],
            "id": "sg-0435884dc7116472f",
            "ingress": [],
            "name": "devopsvg-eks-cluster-sg",
            "name_prefix": "",
            "owner_id": "847750225273",
            "revoke_rules_on_delete": false,
            "tags": {
              "Course": "ISY1101",
              "Project": "devopsvg"
            },
            "tags_all": {
              "Course": "ISY1101",
              "Project": "devopsvg"
            },
            "timeouts": null,
            "vpc_id": "vpc-00e818c721f012095"
          },
          "sensitive_attributes": [],
          "identity_schema_version": 0,
          "private": "eyJlMmJmYjczMC1lY2FhLTExZTYtOGY4OC0zNDM2M2JjN2M0YzAiOnsiY3JlYXRlIjo2MDAwMDAwMDAwMDAsImRlbGV0ZSI6OTAwMDAwMDAwMDAwfSwic2NoZW1hX3ZlcnNpb24iOiIxIn0=",
          "dependencies": [
            "aws_vpc.main"
          ]
        }
      ]
    },
    {
      "mode": "managed",
      "type": "aws_subnet",
      "name": "public",
      "provider": "provider[\"registry.terraform.io/hashicorp/aws\"]",
      "instances": [
        {
          "index_key": 0,
          "schema_version": 1,
          "attributes": {
            "arn": "arn:aws:ec2:us-east-1:847750225273:subnet/subnet-0762f84988e45bb81",
            "assign_ipv6_address_on_creation": false,
            "availability_zone": "us-east-1a",
            "availability_zone_id": "use1-az1",
            "cidr_block": "10.20.0.0/24",
            "customer_owned_ipv4_pool": "",
            "enable_dns64": false,
            "enable_lni_at_device_index": 0,
            "enable_resource_name_dns_a_record_on_launch": false,
            "enable_resource_name_dns_aaaa_record_on_launch": false,
            "id": "subnet-0762f84988e45bb81",
            "ipv6_cidr_block": "",
            "ipv6_cidr_block_association_id": "",
            "ipv6_native": false,
            "map_customer_owned_ip_on_launch": false,
            "map_public_ip_on_launch": true,
            "outpost_arn": "",
            "owner_id": "847750225273",
            "private_dns_hostname_type_on_launch": "ip-name",
            "tags": {
              "Course": "ISY1101",
              "Name": "devopsvg-public-1",
              "Project": "devopsvg",
              "kubernetes.io/cluster/devopsvg-eks": "shared",
              "kubernetes.io/role/elb": "1"
            },
            "tags_all": {
              "Course": "ISY1101",
              "Name": "devopsvg-public-1",
              "Project": "devopsvg",
              "kubernetes.io/cluster/devopsvg-eks": "shared",
              "kubernetes.io/role/elb": "1"
            },
            "timeouts": null,
            "vpc_id": "vpc-00e818c721f012095"
          },
          "sensitive_attributes": [],
          "identity_schema_version": 0,
          "private": "eyJlMmJmYjczMC1lY2FhLTExZTYtOGY4OC0zNDM2M2JjN2M0YzAiOnsiY3JlYXRlIjo2MDAwMDAwMDAwMDAsImRlbGV0ZSI6MTIwMDAwMDAwMDAwMH0sInNjaGVtYV92ZXJzaW9uIjoiMSJ9",
          "dependencies": [
            "aws_vpc.main",
            "data.aws_availability_zones.available"
          ]
        },
        {
          "index_key": 1,
          "schema_version": 1,
          "attributes": {
            "arn": "arn:aws:ec2:us-east-1:847750225273:subnet/subnet-02d144c4cbef9474b",
            "assign_ipv6_address_on_creation": false,
            "availability_zone": "us-east-1b",
            "availability_zone_id": "use1-az2",
            "cidr_block": "10.20.1.0/24",
            "customer_owned_ipv4_pool": "",
            "enable_dns64": false,
            "enable_lni_at_device_index": 0,
            "enable_resource_name_dns_a_record_on_launch": false,
            "enable_resource_name_dns_aaaa_record_on_launch": false,
            "id": "subnet-02d144c4cbef9474b",
            "ipv6_cidr_block": "",
            "ipv6_cidr_block_association_id": "",
            "ipv6_native": false,
            "map_customer_owned_ip_on_launch": false,
            "map_public_ip_on_launch": true,
            "outpost_arn": "",
            "owner_id": "847750225273",
            "private_dns_hostname_type_on_launch": "ip-name",
            "tags": {
              "Course": "ISY1101",
              "Name": "devopsvg-public-2",
              "Project": "devopsvg",
              "kubernetes.io/cluster/devopsvg-eks": "shared",
              "kubernetes.io/role/elb": "1"
            },
            "tags_all": {
              "Course": "ISY1101",
              "Name": "devopsvg-public-2",
              "Project": "devopsvg",
              "kubernetes.io/cluster/devopsvg-eks": "shared",
              "kubernetes.io/role/elb": "1"
            },
            "timeouts": null,
            "vpc_id": "vpc-00e818c721f012095"
          },
          "sensitive_attributes": [],
          "identity_schema_version": 0,
          "private": "eyJlMmJmYjczMC1lY2FhLTExZTYtOGY4OC0zNDM2M2JjN2M0YzAiOnsiY3JlYXRlIjo2MDAwMDAwMDAwMDAsImRlbGV0ZSI6MTIwMDAwMDAwMDAwMH0sInNjaGVtYV92ZXJzaW9uIjoiMSJ9",
          "dependencies": [
            "aws_vpc.main",
            "data.aws_availability_zones.available"
          ]
        }
      ]
    },
    {
      "mode": "managed",
      "type": "aws_vpc",
      "name": "main",
      "provider": "provider[\"registry.terraform.io/hashicorp/aws\"]",
      "instances": [
        {
          "schema_version": 1,
          "attributes": {
            "arn": "arn:aws:ec2:us-east-1:847750225273:vpc/vpc-00e818c721f012095",
            "assign_generated_ipv6_cidr_block": false,
            "cidr_block": "10.20.0.0/16",
            "default_network_acl_id": "acl-090f35625c8ae38b0",
            "default_route_table_id": "rtb-0e4d5d67fc2f9c1f2",
            "default_security_group_id": "sg-0697f766a8604f3e4",
            "dhcp_options_id": "dopt-00bfe956b019cd6ef",
            "enable_dns_hostnames": true,
            "enable_dns_support": true,
            "enable_network_address_usage_metrics": false,
            "id": "vpc-00e818c721f012095",
            "instance_tenancy": "default",
            "ipv4_ipam_pool_id": null,
            "ipv4_netmask_length": null,
            "ipv6_association_id": "",
            "ipv6_cidr_block": "",
            "ipv6_cidr_block_network_border_group": "",
            "ipv6_ipam_pool_id": "",
            "ipv6_netmask_length": 0,
            "main_route_table_id": "rtb-0e4d5d67fc2f9c1f2",
            "owner_id": "847750225273",
            "tags": {
              "Course": "ISY1101",
              "Name": "devopsvg-vpc",
              "Project": "devopsvg"
            },
            "tags_all": {
              "Course": "ISY1101",
              "Name": "devopsvg-vpc",
              "Project": "devopsvg"
            }
          },
          "sensitive_attributes": [],
          "identity_schema_version": 0,
          "private": "eyJzY2hlbWFfdmVyc2lvbiI6IjEifQ=="
        }
      ]
    }
  ],
  "check_results": null
}
